
Microsoft Visual Studio Solution File, Format Version 12.00
# Visual Studio Version 16
VisualStudioVersion = 16.0.31025.194
MinimumVisualStudioVersion = 10.0.40219.1
Project("{FAE04EC0-301F-11D3-BF4B-00C04F79EFBC}") = "Lesson-8-2", "Lesson-8-2\Lesson-8-2.csproj", "{B3B2AA36-12F9-4EF5-A194-77BD763DBC20}"
EndProject
Project("{FAE04EC0-301F-11D3-BF4B-00C04F79EFBC}") = "LessonLibrary", "ClassLibrary1\LessonLibrary.csproj", "{969BA4B9-A57A-47BC-AF36-96F62FF5AB60}"
EndProject
Global
	GlobalSection(SolutionConfigurationPlatforms) = preSolution
		Debug|Any CPU = Debug|Any CPU
		Release|Any CPU = Release|Any CPU
	EndGlobalSection
	GlobalSection(ProjectConfigurationPlatforms) = postSolution
		{B3B2AA36-12F9-4EF5-A194-77BD763DBC20}.Debug|Any CPU.ActiveCfg = Debug|Any CPU
		{B3B2AA36-12F9-4EF5-A194-77BD763DBC20}.Debug|Any CPU.Build.0 = Debug|Any CPU
		{B3B2AA36-12F9-4EF5-A194-77BD763DBC20}.Release|Any CPU.ActiveCfg = Release|Any CPU
		{B3B2AA36-12F9-4EF5-A194-77BD763DBC20}.Release|Any CPU.Build.0 = Release|Any CPU
		{969BA4B9-A57A-47BC-AF36-96F62FF5AB60}.Debug|Any CPU.ActiveCfg = Debug|Any CPU
		{969BA4B9-A57A-47BC-AF36-96F62FF5AB60}.Debug|Any CPU.Build.0 = Debug|Any CPU
		{969BA4B9-A57A-47BC-AF36-96F62FF5AB60}.Release|Any CPU.ActiveCfg = Release|Any CPU
		{969BA4B9-A57A-47BC-AF36-96F62FF5AB60}.Release|Any CPU.Build.0 = Release|Any CPU
	EndGlobalSection
	GlobalSection(SolutionProperties) = preSolution
		HideSolutionNode = FALSE
	EndGlobalSection
	GlobalSection(ExtensibilityGlobals) = postSolution
		SolutionGuid = {FBAF5D8B-24B1-427D-88AF-7FF16E8467ED}
	EndGlobalSection
EndGlobal
